
Microsoft Visual Studio Solution File, Format Version 12.00
# Visual Studio 15
VisualStudioVersion = 15.0.28307.1062
MinimumVisualStudioVersion = 10.0.40219.1
Project("{FAE04EC0-301F-11D3-BF4B-00C04F79EFBC}") = "WebApplication2", "WebApplication2\WebApplication2.csproj", "{8CF5060E-F2E2-41E9-BEF7-C3CCAF722F57}"
EndProject
Global
	GlobalSection(SolutionConfigurationPlatforms) = preSolution
		Debug|Any CPU = Debug|Any CPU
		Release|Any CPU = Release|Any CPU
	EndGlobalSection
	GlobalSection(ProjectConfigurationPlatforms) = postSolution
		{8CF5060E-F2E2-41E9-BEF7-C3CCAF722F57}.Debug|Any CPU.ActiveCfg = Debug|Any CPU
		{8CF5060E-F2E2-41E9-BEF7-C3CCAF722F57}.Debug|Any CPU.Build.0 = Debug|Any CPU
		{8CF5060E-F2E2-41E9-BEF7-C3CCAF722F57}.Release|Any CPU.ActiveCfg = Release|Any CPU
		{8CF5060E-F2E2-41E9-BEF7-C3CCAF722F57}.Release|Any CPU.Build.0 = Release|Any CPU
	EndGlobalSection
	GlobalSection(SolutionProperties) = preSolution
		HideSolutionNode = FALSE
	EndGlobalSection
	GlobalSection(ExtensibilityGlobals) = postSolution
		SolutionGuid = {2D1CA280-EE5B-484F-8C89-550028133AFB}
	EndGlobalSection
EndGlobal
